
Microsoft Visual Studio Solution File, Format Version 12.00
# Visual Studio 15
VisualStudioVersion = 15.0.26124.0
MinimumVisualStudioVersion = 15.0.26124.0
Project("{2150E333-8FDC-42A3-9474-1A3956D46DE8}") = "src", "src", "{8110CBDF-6958-43D1-89CD-5D3DA443B386}"
EndProject
Project("{FAE04EC0-301F-11D3-BF4B-00C04F79EFBC}") = "CdsConsoleApp", "src\CdsConsoleApp\CdsConsoleApp.csproj", "{CF1D779A-4ACE-4EE0-B701-DFD6CDF7C671}"
EndProject
Global
	GlobalSection(SolutionConfigurationPlatforms) = preSolution
		Debug|Any CPU = Debug|Any CPU
		Debug|x64 = Debug|x64
		Debug|x86 = Debug|x86
		Release|Any CPU = Release|Any CPU
		Release|x64 = Release|x64
		Release|x86 = Release|x86
	EndGlobalSection
	GlobalSection(SolutionProperties) = preSolution
		HideSolutionNode = FALSE
	EndGlobalSection
	GlobalSection(ProjectConfigurationPlatforms) = postSolution
		{CF1D779A-4ACE-4EE0-B701-DFD6CDF7C671}.Debug|Any CPU.ActiveCfg = Debug|Any CPU
		{CF1D779A-4ACE-4EE0-B701-DFD6CDF7C671}.Debug|Any CPU.Build.0 = Debug|Any CPU
		{CF1D779A-4ACE-4EE0-B701-DFD6CDF7C671}.Debug|x64.ActiveCfg = Debug|Any CPU
		{CF1D779A-4ACE-4EE0-B701-DFD6CDF7C671}.Debug|x64.Build.0 = Debug|Any CPU
		{CF1D779A-4ACE-4EE0-B701-DFD6CDF7C671}.Debug|x86.ActiveCfg = Debug|Any CPU
		{CF1D779A-4ACE-4EE0-B701-DFD6CDF7C671}.Debug|x86.Build.0 = Debug|Any CPU
		{CF1D779A-4ACE-4EE0-B701-DFD6CDF7C671}.Release|Any CPU.ActiveCfg = Release|Any CPU
		{CF1D779A-4ACE-4EE0-B701-DFD6CDF7C671}.Release|Any CPU.Build.0 = Release|Any CPU
		{CF1D779A-4ACE-4EE0-B701-DFD6CDF7C671}.Release|x64.ActiveCfg = Release|Any CPU
		{CF1D779A-4ACE-4EE0-B701-DFD6CDF7C671}.Release|x64.Build.0 = Release|Any CPU
		{CF1D779A-4ACE-4EE0-B701-DFD6CDF7C671}.Release|x86.ActiveCfg = Release|Any CPU
		{CF1D779A-4ACE-4EE0-B701-DFD6CDF7C671}.Release|x86.Build.0 = Release|Any CPU
	EndGlobalSection
	GlobalSection(NestedProjects) = preSolution
		{CF1D779A-4ACE-4EE0-B701-DFD6CDF7C671} = {8110CBDF-6958-43D1-89CD-5D3DA443B386}
	EndGlobalSection
EndGlobal
